// !$*UTF8*$!
{
	archiveVersion = 1;
	classes = {
	};
	objectVersion = 56;
	objects = {

/* Begin PBXBuildFile section */
		9BAEBAC729EAF9AF00D2545A /* meetNewCountriesApp.swift in Sources */ = {isa = PBXBuildFile; fileRef = 9BAEBAC629EAF9AF00D2545A /* meetNewCountriesApp.swift */; };
		9BAEBAC929EAF9AF00D2545A /* ContentView.swift in Sources */ = {isa = PBXBuildFile; fileRef = 9BAEBAC829EAF9AF00D2545A /* ContentView.swift */; };
		9BAEBACB29EAF9B000D2545A /* Assets.xcassets in Resources */ = {isa = PBXBuildFile; fileRef = 9BAEBACA29EAF9B000D2545A /* Assets.xcassets */; };
		9BAEBACF29EAF9B000D2545A /* Preview Assets.xcassets in Resources */ = {isa = PBXBuildFile; fileRef = 9BAEBACE29EAF9B000D2545A /* Preview Assets.xcassets */; };
		9BAEBAD929EAF9B000D2545A /* meetNewCountriesTests.swift in Sources */ = {isa = PBXBuildFile; fileRef = 9BAEBAD829EAF9B000D2545A /* meetNewCountriesTests.swift */; };
		9BAEBAE329EAF9B000D2545A /* meetNewCountriesUITests.swift in Sources */ = {isa = PBXBuildFile; fileRef = 9BAEBAE229EAF9B000D2545A /* meetNewCountriesUITests.swift */; };
		9BAEBAE529EAF9B000D2545A /* meetNewCountriesUITestsLaunchTests.swift in Sources */ = {isa = PBXBuildFile; fileRef = 9BAEBAE429EAF9B000D2545A /* meetNewCountriesUITestsLaunchTests.swift */; };
/* End PBXBuildFile section */

/* Begin PBXContainerItemProxy section */
		9BAEBAD529EAF9B000D2545A /* PBXContainerItemProxy */ = {
			isa = PBXContainerItemProxy;
			containerPortal = 9BAEBABB29EAF9AF00D2545A /* Project object */;
			proxyType = 1;
			remoteGlobalIDString = 9BAEBAC229EAF9AF00D2545A;
			remoteInfo = meetNewCountries;
		};
		9BAEBADF29EAF9B000D2545A /* PBXContainerItemProxy */ = {
			isa = PBXContainerItemProxy;
			containerPortal = 9BAEBABB29EAF9AF00D2545A /* Project object */;
			proxyType = 1;
			remoteGlobalIDString = 9BAEBAC229EAF9AF00D2545A;
			remoteInfo = meetNewCountries;
		};
/* End PBXContainerItemProxy section */

/* Begin PBXFileReference section */
		9BAEBAC329EAF9AF00D2545A /* meetNewCountries.app */ = {isa = PBXFileReference; explicitFileType = wrapper.application; includeInIndex = 0; path = meetNewCountries.app; sourceTree = BUILT_PRODUCTS_DIR; };
		9BAEBAC629EAF9AF00D2545A /* meetNewCountriesApp.swift */ = {isa = PBXFileReference; lastKnownFileType = sourcecode.swift; path = meetNewCountriesApp.swift; sourceTree = "<group>"; };
		9BAEBAC829EAF9AF00D2545A /* ContentView.swift */ = {isa = PBXFileReference; lastKnownFileType = sourcecode.swift; path = ContentView.swift; sourceTree = "<group>"; };
		9BAEBACA29EAF9B000D2545A /* Assets.xcassets */ = {isa = PBXFileReference; lastKnownFileType = folder.assetcatalog; path = Assets.xcassets; sourceTree = "<group>"; };
		9BAEBACC29EAF9B000D2545A /* meetNewCountries.entitlements */ = {isa = PBXFileReference; lastKnownFileType = text.plist.entitlements; path = meetNewCountries.entitlements; sourceTree = "<group>"; };
		9BAEBACE29EAF9B000D2545A /* Preview Assets.xcassets */ = {isa = PBXFileReference; lastKnownFileType = folder.assetcatalog; path = "Preview Assets.xcassets"; sourceTree = "<group>"; };
		9BAEBAD429EAF9B000D2545A /* meetNewCountriesTests.xctest */ = {isa = PBXFileReference; explicitFileType = wrapper.cfbundle; includeInIndex = 0; path = meetNewCountriesTests.xctest; sourceTree = BUILT_PRODUCTS_DIR; };
		9BAEBAD829EAF9B000D2545A /* meetNewCountriesTests.swift */ = {isa = PBXFileReference; lastKnownFileType = sourcecode.swift; path = meetNewCountriesTests.swift; sourceTree = "<group>"; };
		9BAEBADE29EAF9B000D2545A /* meetNewCountriesUITests.xctest */ = {isa = PBXFileReference; explicitFileType = wrapper.cfbundle; includeInIndex = 0; path = meetNewCountriesUITests.xctest; sourceTree = BUILT_PRODUCTS_DIR; };
		9BAEBAE229EAF9B000D2545A /* meetNewCountriesUITests.swift */ = {isa = PBXFileReference; lastKnownFileType = sourcecode.swift; path = meetNewCountriesUITests.swift; sourceTree = "<group>"; };
		9BAEBAE429EAF9B000D2545A /* meetNewCountriesUITestsLaunchTests.swift */ = {isa = PBXFileReference; lastKnownFileType = sourcecode.swift; path = meetNewCountriesUITestsLaunchTests.swift; sourceTree = "<group>"; };
/* End PBXFileReference section */

/* Begin PBXFrameworksBuildPhase section */
		9BAEBAC029EAF9AF00D2545A /* Frameworks */ = {
			isa = PBXFrameworksBuildPhase;
			buildActionMask = 2147483647;
			files = (
			);
			runOnlyForDeploymentPostprocessing = 0;
		};
		9BAEBAD129EAF9B000D2545A /* Frameworks */ = {
			isa = PBXFrameworksBuildPhase;
			buildActionMask = 2147483647;
			files = (
			);
			runOnlyForDeploymentPostprocessing = 0;
		};
		9BAEBADB29EAF9B000D2545A /* Frameworks */ = {
			isa = PBXFrameworksBuildPhase;
			buildActionMask = 2147483647;
			files = (
			);
			runOnlyForDeploymentPostprocessing = 0;
		};
/* End PBXFrameworksBuildPhase section */

/* Begin PBXGroup section */
		9BAEBABA29EAF9AF00D2545A = {
			isa = PBXGroup;
			children = (
				9BAEBAC529EAF9AF00D2545A /* meetNewCountries */,
				9BAEBAD729EAF9B000D2545A /* meetNewCountriesTests */,
				9BAEBAE129EAF9B000D2545A /* meetNewCountriesUITests */,
				9BAEBAC429EAF9AF00D2545A /* Products */,
			);
			sourceTree = "<group>";
		};
		9BAEBAC429EAF9AF00D2545A /* Products */ = {
			isa = PBXGroup;
			children = (
				9BAEBAC329EAF9AF00D2545A /* meetNewCountries.app */,
				9BAEBAD429EAF9B000D2545A /* meetNewCountriesTests.xctest */,
				9BAEBADE29EAF9B000D2545A /* meetNewCountriesUITests.xctest */,
			);
			name = Products;
			sourceTree = "<group>";
		};
		9BAEBAC529EAF9AF00D2545A /* meetNewCountries */ = {
			isa = PBXGroup;
			children = (
				9BAEBAC629EAF9AF00D2545A /* meetNewCountriesApp.swift */,
				9BAEBAC829EAF9AF00D2545A /* ContentView.swift */,
				9BAEBACA29EAF9B000D2545A /* Assets.xcassets */,
				9BAEBACC29EAF9B000D2545A /* meetNewCountries.entitlements */,
				9BAEBACD29EAF9B000D2545A /* Preview Content */,
			);
			path = meetNewCountries;
			sourceTree = "<group>";
		};
		9BAEBACD29EAF9B000D2545A /* Preview Content */ = {
			isa = PBXGroup;
			children = (
				9BAEBACE29EAF9B000D2545A /* Preview Assets.xcassets */,
			);
			path = "Preview Content";
			sourceTree = "<group>";
		};
		9BAEBAD729EAF9B000D2545A /* meetNewCountriesTests */ = {
			isa = PBXGroup;
			children = (
				9BAEBAD829EAF9B000D2545A /* meetNewCountriesTests.swift */,
			);
			path = meetNewCountriesTests;
			sourceTree = "<group>";
		};
		9BAEBAE129EAF9B000D2545A /* meetNewCountriesUITests */ = {
			isa = PBXGroup;
			children = (
				9BAEBAE229EAF9B000D2545A /* meetNewCountriesUITests.swift */,
				9BAEBAE429EAF9B000D2545A /* meetNewCountriesUITestsLaunchTests.swift */,
			);
			path = meetNewCountriesUITests;
			sourceTree = "<group>";
		};
/* End PBXGroup section */

/* Begin PBXNativeTarget section */
		9BAEBAC229EAF9AF00D2545A /* meetNewCountries */ = {
			isa = PBXNativeTarget;
			buildConfigurationList = 9BAEBAE829EAF9B000D2545A /* Build configuration list for PBXNativeTarget "meetNewCountries" */;
			buildPhases = (
				9BAEBABF29EAF9AF00D2545A /* Sources */,
				9BAEBAC029EAF9AF00D2545A /* Frameworks */,
				9BAEBAC129EAF9AF00D2545A /* Resources */,
			);
			buildRules = (
			);
			dependencies = (
			);
			name = meetNewCountries;
			productName = meetNewCountries;
			productReference = 9BAEBAC329EAF9AF00D2545A /* meetNewCountries.app */;
			productType = "com.apple.product-type.application";
		};
		9BAEBAD329EAF9B000D2545A /* meetNewCountriesTests */ = {
			isa = PBXNativeTarget;
			buildConfigurationList = 9BAEBAEB29EAF9B000D2545A /* Build configuration list for PBXNativeTarget "meetNewCountriesTests" */;
			buildPhases = (
				9BAEBAD029EAF9B000D2545A /* Sources */,
				9BAEBAD129EAF9B000D2545A /* Frameworks */,
				9BAEBAD229EAF9B000D2545A /* Resources */,
			);
			buildRules = (
			);
			dependencies = (
				9BAEBAD629EAF9B000D2545A /* PBXTargetDependency */,
			);
			name = meetNewCountriesTests;
			productName = meetNewCountriesTests;
			productReference = 9BAEBAD429EAF9B000D2545A /* meetNewCountriesTests.xctest */;
			productType = "com.apple.product-type.bundle.unit-test";
		};
		9BAEBADD29EAF9B000D2545A /* meetNewCountriesUITests */ = {
			isa = PBXNativeTarget;
			buildConfigurationList = 9BAEBAEE29EAF9B000D2545A /* Build configuration list for PBXNativeTarget "meetNewCountriesUITests" */;
			buildPhases = (
				9BAEBADA29EAF9B000D2545A /* Sources */,
				9BAEBADB29EAF9B000D2545A /* Frameworks */,
				9BAEBADC29EAF9B000D2545A /* Resources */,
			);
			buildRules = (
			);
			dependencies = (
				9BAEBAE029EAF9B000D2545A /* PBXTargetDependency */,
			);
			name = meetNewCountriesUITests;
			productName = meetNewCountriesUITests;
			productReference = 9BAEBADE29EAF9B000D2545A /* meetNewCountriesUITests.xctest */;
			productType = "com.apple.product-type.bundle.ui-testing";
		};
/* End PBXNativeTarget section */

/* Begin PBXProject section */
		9BAEBABB29EAF9AF00D2545A /* Project object */ = {
			isa = PBXProject;
			attributes = {
				BuildIndependentTargetsInParallel = 1;
				LastSwiftUpdateCheck = 1420;
				LastUpgradeCheck = 1420;
				TargetAttributes = {
					9BAEBAC229EAF9AF00D2545A = {
						CreatedOnToolsVersion = 14.2;
					};
					9BAEBAD329EAF9B000D2545A = {
						CreatedOnToolsVersion = 14.2;
						TestTargetID = 9BAEBAC229EAF9AF00D2545A;
					};
					9BAEBADD29EAF9B000D2545A = {
						CreatedOnToolsVersion = 14.2;
						TestTargetID = 9BAEBAC229EAF9AF00D2545A;
					};
				};
			};
			buildConfigurationList = 9BAEBABE29EAF9AF00D2545A /* Build configuration list for PBXProject "meetNewCountries" */;
			compatibilityVersion = "Xcode 14.0";
			developmentRegion = en;
			hasScannedForEncodings = 0;
			knownRegions = (
				en,
				Base,
			);
			mainGroup = 9BAEBABA29EAF9AF00D2545A;
			productRefGroup = 9BAEBAC429EAF9AF00D2545A /* Products */;
			projectDirPath = "";
			projectRoot = "";
			targets = (
				9BAEBAC229EAF9AF00D2545A /* meetNewCountries */,
				9BAEBAD329EAF9B000D2545A /* meetNewCountriesTests */,
				9BAEBADD29EAF9B000D2545A /* meetNewCountriesUITests */,
			);
		};
/* End PBXProject section */

/* Begin PBXResourcesBuildPhase section */
		9BAEBAC129EAF9AF00D2545A /* Resources */ = {
			isa = PBXResourcesBuildPhase;
			buildActionMask = 2147483647;
			files = (
				9BAEBACF29EAF9B000D2545A /* Preview Assets.xcassets in Resources */,
				9BAEBACB29EAF9B000D2545A /* Assets.xcassets in Resources */,
			);
			runOnlyForDeploymentPostprocessing = 0;
		};
		9BAEBAD229EAF9B000D2545A /* Resources */ = {
			isa = PBXResourcesBuildPhase;
			buildActionMask = 2147483647;
			files = (
			);
			runOnlyForDeploymentPostprocessing = 0;
		};
		9BAEBADC29EAF9B000D2545A /* Resources */ = {
			isa = PBXResourcesBuildPhase;
			buildActionMask = 2147483647;
			files = (
			);
			runOnlyForDeploymentPostprocessing = 0;
		};
/* End PBXResourcesBuildPhase section */

/* Begin PBXSourcesBuildPhase section */
		9BAEBABF29EAF9AF00D2545A /* Sources */ = {
			isa = PBXSourcesBuildPhase;
			buildActionMask = 2147483647;
			files = (
				9BAEBAC929EAF9AF00D2545A /* ContentView.swift in Sources */,
				9BAEBAC729EAF9AF00D2545A /* meetNewCountriesApp.swift in Sources */,
			);
			runOnlyForDeploymentPostprocessing = 0;
		};
		9BAEBAD029EAF9B000D2545A /* Sources */ = {
			isa = PBXSourcesBuildPhase;
			buildActionMask = 2147483647;
			files = (
				9BAEBAD929EAF9B000D2545A /* meetNewCountriesTests.swift in Sources */,
			);
			runOnlyForDeploymentPostprocessing = 0;
		};
		9BAEBADA29EAF9B000D2545A /* Sources */ = {
			isa = PBXSourcesBuildPhase;
			buildActionMask = 2147483647;
			files = (
				9BAEBAE329EAF9B000D2545A /* meetNewCountriesUITests.swift in Sources */,
				9BAEBAE529EAF9B000D2545A /* meetNewCountriesUITestsLaunchTests.swift in Sources */,
			);
			runOnlyForDeploymentPostprocessing = 0;
		};
/* End PBXSourcesBuildPhase section */

/* Begin PBXTargetDependency section */
		9BAEBAD629EAF9B000D2545A /* PBXTargetDependency */ = {
			isa = PBXTargetDependency;
			target = 9BAEBAC229EAF9AF00D2545A /* meetNewCountries */;
			targetProxy = 9BAEBAD529EAF9B000D2545A /* PBXContainerItemProxy */;
		};
		9BAEBAE029EAF9B000D2545A /* PBXTargetDependency */ = {
			isa = PBXTargetDependency;
			target = 9BAEBAC229EAF9AF00D2545A /* meetNewCountries */;
			targetProxy = 9BAEBADF29EAF9B000D2545A /* PBXContainerItemProxy */;
		};
/* End PBXTargetDependency section */

/* Begin XCBuildConfiguration section */
		9BAEBAE629EAF9B000D2545A /* Debug */ = {
			isa = XCBuildConfiguration;
			buildSettings = {
				ALWAYS_SEARCH_USER_PATHS = NO;
				CLANG_ANALYZER_NONNULL = YES;
				CLANG_ANALYZER_NUMBER_OBJECT_CONVERSION = YES_AGGRESSIVE;
				CLANG_CXX_LANGUAGE_STANDARD = "gnu++20";
				CLANG_ENABLE_MODULES = YES;
				CLANG_ENABLE_OBJC_ARC = YES;
				CLANG_ENABLE_OBJC_WEAK = YES;
				CLANG_WARN_BLOCK_CAPTURE_AUTORELEASING = YES;
				CLANG_WARN_BOOL_CONVERSION = YES;
				CLANG_WARN_COMMA = YES;
				CLANG_WARN_CONSTANT_CONVERSION = YES;
				CLANG_WARN_DEPRECATED_OBJC_IMPLEMENTATIONS = YES;
				CLANG_WARN_DIRECT_OBJC_ISA_USAGE = YES_ERROR;
				CLANG_WARN_DOCUMENTATION_COMMENTS = YES;
				CLANG_WARN_EMPTY_BODY = YES;
				CLANG_WARN_ENUM_CONVERSION = YES;
				CLANG_WARN_INFINITE_RECURSION = YES;
				CLANG_WARN_INT_CONVERSION = YES;
				CLANG_WARN_NON_LITERAL_NULL_CONVERSION = YES;
				CLANG_WARN_OBJC_IMPLICIT_RETAIN_SELF = YES;
				CLANG_WARN_OBJC_LITERAL_CONVERSION = YES;
				CLANG_WARN_OBJC_ROOT_CLASS = YES_ERROR;
				CLANG_WARN_QUOTED_INCLUDE_IN_FRAMEWORK_HEADER = YES;
				CLANG_WARN_RANGE_LOOP_ANALYSIS = YES;
				CLANG_WARN_STRICT_PROTOTYPES = YES;
				CLANG_WARN_SUSPICIOUS_MOVE = YES;
				CLANG_WARN_UNGUARDED_AVAILABILITY = YES_AGGRESSIVE;
				CLANG_WARN_UNREACHABLE_CODE = YES;
				CLANG_WARN__DUPLICATE_METHOD_MATCH = YES;
				COPY_PHASE_STRIP = NO;
				DEBUG_INFORMATION_FORMAT = dwarf;
				ENABLE_STRICT_OBJC_MSGSEND = YES;
				ENABLE_TESTABILITY = YES;
				GCC_C_LANGUAGE_STANDARD = gnu11;
				GCC_DYNAMIC_NO_PIC = NO;
				GCC_NO_COMMON_BLOCKS = YES;
				GCC_OPTIMIZATION_LEVEL = 0;
				GCC_PREPROCESSOR_DEFINITIONS = (
					"DEBUG=1",
					"$(inherited)",
				);
				GCC_WARN_64_TO_32_BIT_CONVERSION = YES;
				GCC_WARN_ABOUT_RETURN_TYPE = YES_ERROR;
				GCC_WARN_UNDECLARED_SELECTOR = YES;
				GCC_WARN_UNINITIALIZED_AUTOS = YES_AGGRESSIVE;
				GCC_WARN_UNUSED_FUNCTION = YES;
				GCC_WARN_UNUSED_VARIABLE = YES;
				MTL_ENABLE_DEBUG_INFO = INCLUDE_SOURCE;
				MTL_FAST_MATH = YES;
				ONLY_ACTIVE_ARCH = YES;
				SWIFT_ACTIVE_COMPILATION_CONDITIONS = DEBUG;
				SWIFT_OPTIMIZATION_LEVEL = "-Onone";
			};
			name = Debug;
		};
		9BAEBAE729EAF9B000D2545A /* Release */ = {
			isa = XCBuildConfiguration;
			buildSettings = {
				ALWAYS_SEARCH_USER_PATHS = NO;
				CLANG_ANALYZER_NONNULL = YES;
				CLANG_ANALYZER_NUMBER_OBJECT_CONVERSION = YES_AGGRESSIVE;
				CLANG_CXX_LANGUAGE_STANDARD = "gnu++20";
				CLANG_ENABLE_MODULES = YES;
				CLANG_ENABLE_OBJC_ARC = YES;
				CLANG_ENABLE_OBJC_WEAK = YES;
				CLANG_WARN_BLOCK_CAPTURE_AUTORELEASING = YES;
				CLANG_WARN_BOOL_CONVERSION = YES;
				CLANG_WARN_COMMA = YES;
				CLANG_WARN_CONSTANT_CONVERSION = YES;
				CLANG_WARN_DEPRECATED_OBJC_IMPLEMENTATIONS = YES;
				CLANG_WARN_DIRECT_OBJC_ISA_USAGE = YES_ERROR;
				CLANG_WARN_DOCUMENTATION_COMMENTS = YES;
				CLANG_WARN_EMPTY_BODY = YES;
				CLANG_WARN_ENUM_CONVERSION = YES;
				CLANG_WARN_INFINITE_RECURSION = YES;
				CLANG_WARN_INT_CONVERSION = YES;
				CLANG_WARN_NON_LITERAL_NULL_CONVERSION = YES;
				CLANG_WARN_OBJC_IMPLICIT_RETAIN_SELF = YES;
				CLANG_WARN_OBJC_LITERAL_CONVERSION = YES;
				CLANG_WARN_OBJC_ROOT_CLASS = YES_ERROR;
				CLANG_WARN_QUOTED_INCLUDE_IN_FRAMEWORK_HEADER = YES;
				CLANG_WARN_RANGE_LOOP_ANALYSIS = YES;
				CLANG_WARN_STRICT_PROTOTYPES = YES;
				CLANG_WARN_SUSPICIOUS_MOVE = YES;
				CLANG_WARN_UNGUARDED_AVAILABILITY = YES_AGGRESSIVE;
				CLANG_WARN_UNREACHABLE_CODE = YES;
				CLANG_WARN__DUPLICATE_METHOD_MATCH = YES;
				COPY_PHASE_STRIP = NO;
				DEBUG_INFORMATION_FORMAT = "dwarf-with-dsym";
				ENABLE_NS_ASSERTIONS = NO;
				ENABLE_STRICT_OBJC_MSGSEND = YES;
				GCC_C_LANGUAGE_STANDARD = gnu11;
				GCC_NO_COMMON_BLOCKS = YES;
				GCC_WARN_64_TO_32_BIT_CONVERSION = YES;
				GCC_WARN_ABOUT_RETURN_TYPE = YES_ERROR;
				GCC_WARN_UNDECLARED_SELECTOR = YES;
				GCC_WARN_UNINITIALIZED_AUTOS = YES_AGGRESSIVE;
				GCC_WARN_UNUSED_FUNCTION = YES;
				GCC_WARN_UNUSED_VARIABLE = YES;
				MTL_ENABLE_DEBUG_INFO = NO;
				MTL_FAST_MATH = YES;
				SWIFT_COMPILATION_MODE = wholemodule;
				SWIFT_OPTIMIZATION_LEVEL = "-O";
			};
			name = Release;
		};
		9BAEBAE929EAF9B000D2545A /* Debug */ = {
			isa = XCBuildConfiguration;
			buildSettings = {
				ASSETCATALOG_COMPILER_APPICON_NAME = AppIcon;
				ASSETCATALOG_COMPILER_GLOBAL_ACCENT_COLOR_NAME = AccentColor;
				CODE_SIGN_ENTITLEMENTS = meetNewCountries/meetNewCountries.entitlements;
				CODE_SIGN_STYLE = Automatic;
				CURRENT_PROJECT_VERSION = 1;
				DEVELOPMENT_ASSET_PATHS = "\"meetNewCountries/Preview Content\"";
				DEVELOPMENT_TEAM = HY8YCU6K84;
				ENABLE_HARDENED_RUNTIME = YES;
				ENABLE_PREVIEWS = YES;
				GENERATE_INFOPLIST_FILE = YES;
				"INFOPLIST_KEY_UIApplicationSceneManifest_Generation[sdk=iphoneos*]" = YES;
				"INFOPLIST_KEY_UIApplicationSceneManifest_Generation[sdk=iphonesimulator*]" = YES;
				"INFOPLIST_KEY_UIApplicationSupportsIndirectInputEvents[sdk=iphoneos*]" = YES;
				"INFOPLIST_KEY_UIApplicationSupportsIndirectInputEvents[sdk=iphonesimulator*]" = YES;
				"INFOPLIST_KEY_UILaunchScreen_Generation[sdk=iphoneos*]" = YES;
				"INFOPLIST_KEY_UILaunchScreen_Generation[sdk=iphonesimulator*]" = YES;
				"INFOPLIST_KEY_UIStatusBarStyle[sdk=iphoneos*]" = UIStatusBarStyleDefault;
				"INFOPLIST_KEY_UIStatusBarStyle[sdk=iphonesimulator*]" = UIStatusBarStyleDefault;
				INFOPLIST_KEY_UISupportedInterfaceOrientations_iPad = "UIInterfaceOrientationPortrait UIInterfaceOrientationPortraitUpsideDown UIInterfaceOrientationLandscapeLeft UIInterfaceOrientationLandscapeRight";
				INFOPLIST_KEY_UISupportedInterfaceOrientations_iPhone = "UIInterfaceOrientationPortrait UIInterfaceOrientationLandscapeLeft UIInterfaceOrientationLandscapeRight";
				IPHONEOS_DEPLOYMENT_TARGET = 16.2;
				LD_RUNPATH_SEARCH_PATHS = "@executable_path/Frameworks";
				"LD_RUNPATH_SEARCH_PATHS[sdk=macosx*]" = "@executable_path/../Frameworks";
				MACOSX_DEPLOYMENT_TARGET = 13.1;
				MARKETING_VERSION = 1.0;
				PRODUCT_BUNDLE_IDENTIFIER = kTegowski.meetNewCountries;
				PRODUCT_NAME = "$(TARGET_NAME)";
				SDKROOT = auto;
				SUPPORTED_PLATFORMS = "iphoneos iphonesimulator macosx";
				SWIFT_EMIT_LOC_STRINGS = YES;
				SWIFT_VERSION = 5.0;
				TARGETED_DEVICE_FAMILY = "1,2";
			};
			name = Debug;
		};
		9BAEBAEA29EAF9B000D2545A /* Release */ = {
			isa = XCBuildConfiguration;
			buildSettings = {
				ASSETCATALOG_COMPILER_APPICON_NAME = AppIcon;
				ASSETCATALOG_COMPILER_GLOBAL_ACCENT_COLOR_NAME = AccentColor;
				CODE_SIGN_ENTITLEMENTS = meetNewCountries/meetNewCountries.entitlements;
				CODE_SIGN_STYLE = Automatic;
				CURRENT_PROJECT_VERSION = 1;
				DEVELOPMENT_ASSET_PATHS = "\"meetNewCountries/Preview Content\"";
				DEVELOPMENT_TEAM = HY8YCU6K84;
				ENABLE_HARDENED_RUNTIME = YES;
				ENABLE_PREVIEWS = YES;
				GENERATE_INFOPLIST_FILE = YES;
				"INFOPLIST_KEY_UIApplicationSceneManifest_Generation[sdk=iphoneos*]" = YES;
				"INFOPLIST_KEY_UIApplicationSceneManifest_Generation[sdk=iphonesimulator*]" = YES;
				"INFOPLIST_KEY_UIApplicationSupportsIndirectInputEvents[sdk=iphoneos*]" = YES;
				"INFOPLIST_KEY_UIApplicationSupportsIndirectInputEvents[sdk=iphonesimulator*]" = YES;
				"INFOPLIST_KEY_UILaunchScreen_Generation[sdk=iphoneos*]" = YES;
				"INFOPLIST_KEY_UILaunchScreen_Generation[sdk=iphonesimulator*]" = YES;
				"INFOPLIST_KEY_UIStatusBarStyle[sdk=iphoneos*]" = UIStatusBarStyleDefault;
				"INFOPLIST_KEY_UIStatusBarStyle[sdk=iphonesimulator*]" = UIStatusBarStyleDefault;
				INFOPLIST_KEY_UISupportedInterfaceOrientations_iPad = "UIInterfaceOrientationPortrait UIInterfaceOrientationPortraitUpsideDown UIInterfaceOrientationLandscapeLeft UIInterfaceOrientationLandscapeRight";
				INFOPLIST_KEY_UISupportedInterfaceOrientations_iPhone = "UIInterfaceOrientationPortrait UIInterfaceOrientationLandscapeLeft UIInterfaceOrientationLandscapeRight";
				IPHONEOS_DEPLOYMENT_TARGET = 16.2;
				LD_RUNPATH_SEARCH_PATHS = "@executable_path/Frameworks";
				"LD_RUNPATH_SEARCH_PATHS[sdk=macosx*]" = "@executable_path/../Frameworks";
				MACOSX_DEPLOYMENT_TARGET = 13.1;
				MARKETING_VERSION = 1.0;
				PRODUCT_BUNDLE_IDENTIFIER = kTegowski.meetNewCountries;
				PRODUCT_NAME = "$(TARGET_NAME)";
				SDKROOT = auto;
				SUPPORTED_PLATFORMS = "iphoneos iphonesimulator macosx";
				SWIFT_EMIT_LOC_STRINGS = YES;
				SWIFT_VERSION = 5.0;
				TARGETED_DEVICE_FAMILY = "1,2";
			};
			name = Release;
		};
		9BAEBAEC29EAF9B000D2545A /* Debug */ = {
			isa = XCBuildConfiguration;
			buildSettings = {
				ALWAYS_EMBED_SWIFT_STANDARD_LIBRARIES = YES;
				BUNDLE_LOADER = "$(TEST_HOST)";
				CODE_SIGN_STYLE = Automatic;
				CURRENT_PROJECT_VERSION = 1;
				DEVELOPMENT_TEAM = HY8YCU6K84;
				GENERATE_INFOPLIST_FILE = YES;
				IPHONEOS_DEPLOYMENT_TARGET = 16.2;
				MACOSX_DEPLOYMENT_TARGET = 13.1;
				MARKETING_VERSION = 1.0;
				PRODUCT_BUNDLE_IDENTIFIER = kTegowski.meetNewCountriesTests;
				PRODUCT_NAME = "$(TARGET_NAME)";
				SDKROOT = auto;
				SUPPORTED_PLATFORMS = "iphoneos iphonesimulator macosx";
				SWIFT_EMIT_LOC_STRINGS = NO;
				SWIFT_VERSION = 5.0;
				TARGETED_DEVICE_FAMILY = "1,2";
				TEST_HOST = "$(BUILT_PRODUCTS_DIR)/meetNewCountries.app/$(BUNDLE_EXECUTABLE_FOLDER_PATH)/meetNewCountries";
			};
			name = Debug;
		};
		9BAEBAED29EAF9B000D2545A /* Release */ = {
			isa = XCBuildConfiguration;
			buildSettings = {
				ALWAYS_EMBED_SWIFT_STANDARD_LIBRARIES = YES;
				BUNDLE_LOADER = "$(TEST_HOST)";
				CODE_SIGN_STYLE = Automatic;
				CURRENT_PROJECT_VERSION = 1;
				DEVELOPMENT_TEAM = HY8YCU6K84;
				GENERATE_INFOPLIST_FILE = YES;
				IPHONEOS_DEPLOYMENT_TARGET = 16.2;
				MACOSX_DEPLOYMENT_TARGET = 13.1;
				MARKETING_VERSION = 1.0;
				PRODUCT_BUNDLE_IDENTIFIER = kTegowski.meetNewCountriesTests;
				PRODUCT_NAME = "$(TARGET_NAME)";
				SDKROOT = auto;
				SUPPORTED_PLATFORMS = "iphoneos iphonesimulator macosx";
				SWIFT_EMIT_LOC_STRINGS = NO;
				SWIFT_VERSION = 5.0;
				TARGETED_DEVICE_FAMILY = "1,2";
				TEST_HOST = "$(BUILT_PRODUCTS_DIR)/meetNewCountries.app/$(BUNDLE_EXECUTABLE_FOLDER_PATH)/meetNewCountries";
			};
			name = Release;
		};
		9BAEBAEF29EAF9B000D2545A /* Debug */ = {
			isa = XCBuildConfiguration;
			buildSettings = {
				ALWAYS_EMBED_SWIFT_STANDARD_LIBRARIES = YES;
				CODE_SIGN_STYLE = Automatic;
				CURRENT_PROJECT_VERSION = 1;
				DEVELOPMENT_TEAM = HY8YCU6K84;
				GENERATE_INFOPLIST_FILE = YES;
				IPHONEOS_DEPLOYMENT_TARGET = 16.2;
				MACOSX_DEPLOYMENT_TARGET = 13.1;
				MARKETING_VERSION = 1.0;
				PRODUCT_BUNDLE_IDENTIFIER = kTegowski.meetNewCountriesUITests;
				PRODUCT_NAME = "$(TARGET_NAME)";
				SDKROOT = auto;
				SUPPORTED_PLATFORMS = "iphoneos iphonesimulator macosx";
				SWIFT_EMIT_LOC_STRINGS = NO;
				SWIFT_VERSION = 5.0;
				TARGETED_DEVICE_FAMILY = "1,2";
				TEST_TARGET_NAME = meetNewCountries;
			};
			name = Debug;
		};
		9BAEBAF029EAF9B000D2545A /* Release */ = {
			isa = XCBuildConfiguration;
			buildSettings = {
				ALWAYS_EMBED_SWIFT_STANDARD_LIBRARIES = YES;
				CODE_SIGN_STYLE = Automatic;
				CURRENT_PROJECT_VERSION = 1;
				DEVELOPMENT_TEAM = HY8YCU6K84;
				GENERATE_INFOPLIST_FILE = YES;
				IPHONEOS_DEPLOYMENT_TARGET = 16.2;
				MACOSX_DEPLOYMENT_TARGET = 13.1;
				MARKETING_VERSION = 1.0;
				PRODUCT_BUNDLE_IDENTIFIER = kTegowski.meetNewCountriesUITests;
				PRODUCT_NAME = "$(TARGET_NAME)";
				SDKROOT = auto;
				SUPPORTED_PLATFORMS = "iphoneos iphonesimulator macosx";
				SWIFT_EMIT_LOC_STRINGS = NO;
				SWIFT_VERSION = 5.0;
				TARGETED_DEVICE_FAMILY = "1,2";
				TEST_TARGET_NAME = meetNewCountries;
			};
			name = Release;
		};
/* End XCBuildConfiguration section */

/* Begin XCConfigurationList section */
		9BAEBABE29EAF9AF00D2545A /* Build configuration list for PBXProject "meetNewCountries" */ = {
			isa = XCConfigurationList;
			buildConfigurations = (
				9BAEBAE629EAF9B000D2545A /* Debug */,
				9BAEBAE729EAF9B000D2545A /* Release */,
			);
			defaultConfigurationIsVisible = 0;
			defaultConfigurationName = Release;
		};
		9BAEBAE829EAF9B000D2545A /* Build configuration list for PBXNativeTarget "meetNewCountries" */ = {
			isa = XCConfigurationList;
			buildConfigurations = (
				9BAEBAE929EAF9B000D2545A /* Debug */,
				9BAEBAEA29EAF9B000D2545A /* Release */,
			);
			defaultConfigurationIsVisible = 0;
			defaultConfigurationName = Release;
		};
		9BAEBAEB29EAF9B000D2545A /* Build configuration list for PBXNativeTarget "meetNewCountriesTests" */ = {
			isa = XCConfigurationList;
			buildConfigurations = (
				9BAEBAEC29EAF9B000D2545A /* Debug */,
				9BAEBAED29EAF9B000D2545A /* Release */,
			);
			defaultConfigurationIsVisible = 0;
			defaultConfigurationName = Release;
		};
		9BAEBAEE29EAF9B000D2545A /* Build configuration list for PBXNativeTarget "meetNewCountriesUITests" */ = {
			isa = XCConfigurationList;
			buildConfigurations = (
				9BAEBAEF29EAF9B000D2545A /* Debug */,
				9BAEBAF029EAF9B000D2545A /* Release */,
			);
			defaultConfigurationIsVisible = 0;
			defaultConfigurationName = Release;
		};
/* End XCConfigurationList section */
	};
	rootObject = 9BAEBABB29EAF9AF00D2545A /* Project object */;
}
