// !$*UTF8*$!
{
	archiveVersion = 1;
	classes = {
	};
	objectVersion = 56;
	objects = {

/* Begin PBXBuildFile section */
		9BAEBB4329EC0E2800D2545A /* meetNewCountriesApp.swift in Sources */ = {isa = PBXBuildFile; fileRef = 9BAEBB4229EC0E2800D2545A /* meetNewCountriesApp.swift */; };
		9BAEBB4529EC0E2800D2545A /* ContentView.swift in Sources */ = {isa = PBXBuildFile; fileRef = 9BAEBB4429EC0E2800D2545A /* ContentView.swift */; };
		9BAEBB4729EC0E2A00D2545A /* Assets.xcassets in Resources */ = {isa = PBXBuildFile; fileRef = 9BAEBB4629EC0E2A00D2545A /* Assets.xcassets */; };
		9BAEBB4B29EC0E2A00D2545A /* Preview Assets.xcassets in Resources */ = {isa = PBXBuildFile; fileRef = 9BAEBB4A29EC0E2A00D2545A /* Preview Assets.xcassets */; };
		9BAEBB5529EC0E2A00D2545A /* meetNewCountriesTests.swift in Sources */ = {isa = PBXBuildFile; fileRef = 9BAEBB5429EC0E2A00D2545A /* meetNewCountriesTests.swift */; };
		9BAEBB5F29EC0E2A00D2545A /* meetNewCountriesUITests.swift in Sources */ = {isa = PBXBuildFile; fileRef = 9BAEBB5E29EC0E2A00D2545A /* meetNewCountriesUITests.swift */; };
		9BAEBB6129EC0E2A00D2545A /* meetNewCountriesUITestsLaunchTests.swift in Sources */ = {isa = PBXBuildFile; fileRef = 9BAEBB6029EC0E2A00D2545A /* meetNewCountriesUITestsLaunchTests.swift */; };
		9BAEBB6E29EC0E6200D2545A /* newContinentView.swift in Sources */ = {isa = PBXBuildFile; fileRef = 9BAEBB6D29EC0E6200D2545A /* newContinentView.swift */; };
		9BAEBB7129EC0E9200D2545A /* Apollo in Frameworks */ = {isa = PBXBuildFile; productRef = 9BAEBB7029EC0E9200D2545A /* Apollo */; };
		9BAEBB8629EC16B100D2545A /* Service.swift in Sources */ = {isa = PBXBuildFile; fileRef = 9BAEBB8529EC16B100D2545A /* Service.swift */; };
		9BAEBB9429EC175700D2545A /* countries.graphql in Resources */ = {isa = PBXBuildFile; fileRef = 9BAEBB8B29EC175700D2545A /* countries.graphql */; };
		9BAEBB9529EC175700D2545A /* Query.graphql.swift in Sources */ = {isa = PBXBuildFile; fileRef = 9BAEBB8E29EC175700D2545A /* Query.graphql.swift */; };
		9BAEBB9629EC175700D2545A /* Continent.graphql.swift in Sources */ = {isa = PBXBuildFile; fileRef = 9BAEBB8F29EC175700D2545A /* Continent.graphql.swift */; };
		9BAEBB9729EC175700D2545A /* SchemaConfiguration.swift in Sources */ = {isa = PBXBuildFile; fileRef = 9BAEBB9029EC175700D2545A /* SchemaConfiguration.swift */; };
		9BAEBB9829EC175700D2545A /* SchemaMetadata.graphql.swift in Sources */ = {isa = PBXBuildFile; fileRef = 9BAEBB9129EC175700D2545A /* SchemaMetadata.graphql.swift */; };
		9BAEBB9929EC175700D2545A /* Countries.graphql.swift in Sources */ = {isa = PBXBuildFile; fileRef = 9BAEBB9229EC175700D2545A /* Countries.graphql.swift */; };
		9BAEBB9D29EC1AC800D2545A /* GetContinentsQuery.graphql.swift in Sources */ = {isa = PBXBuildFile; fileRef = 9BAEBB9C29EC1AC800D2545A /* GetContinentsQuery.graphql.swift */; };
		9BAEBB9F29EC1D6200D2545A /* CountryInfoView.swift in Sources */ = {isa = PBXBuildFile; fileRef = 9BAEBB9E29EC1D6200D2545A /* CountryInfoView.swift */; };
/* End PBXBuildFile section */

/* Begin PBXContainerItemProxy section */
		9BAEBB5129EC0E2A00D2545A /* PBXContainerItemProxy */ = {
			isa = PBXContainerItemProxy;
			containerPortal = 9BAEBB3729EC0E2800D2545A /* Project object */;
			proxyType = 1;
			remoteGlobalIDString = 9BAEBB3E29EC0E2800D2545A;
			remoteInfo = meetNewCountries;
		};
		9BAEBB5B29EC0E2A00D2545A /* PBXContainerItemProxy */ = {
			isa = PBXContainerItemProxy;
			containerPortal = 9BAEBB3729EC0E2800D2545A /* Project object */;
			proxyType = 1;
			remoteGlobalIDString = 9BAEBB3E29EC0E2800D2545A;
			remoteInfo = meetNewCountries;
		};
/* End PBXContainerItemProxy section */

/* Begin PBXFileReference section */
		9BAEBB3F29EC0E2800D2545A /* meetNewCountries.app */ = {isa = PBXFileReference; explicitFileType = wrapper.application; includeInIndex = 0; path = meetNewCountries.app; sourceTree = BUILT_PRODUCTS_DIR; };
		9BAEBB4229EC0E2800D2545A /* meetNewCountriesApp.swift */ = {isa = PBXFileReference; lastKnownFileType = sourcecode.swift; path = meetNewCountriesApp.swift; sourceTree = "<group>"; };
		9BAEBB4429EC0E2800D2545A /* ContentView.swift */ = {isa = PBXFileReference; lastKnownFileType = sourcecode.swift; path = ContentView.swift; sourceTree = "<group>"; };
		9BAEBB4629EC0E2A00D2545A /* Assets.xcassets */ = {isa = PBXFileReference; lastKnownFileType = folder.assetcatalog; path = Assets.xcassets; sourceTree = "<group>"; };
		9BAEBB4829EC0E2A00D2545A /* meetNewCountries.entitlements */ = {isa = PBXFileReference; lastKnownFileType = text.plist.entitlements; path = meetNewCountries.entitlements; sourceTree = "<group>"; };
		9BAEBB4A29EC0E2A00D2545A /* Preview Assets.xcassets */ = {isa = PBXFileReference; lastKnownFileType = folder.assetcatalog; path = "Preview Assets.xcassets"; sourceTree = "<group>"; };
		9BAEBB5029EC0E2A00D2545A /* meetNewCountriesTests.xctest */ = {isa = PBXFileReference; explicitFileType = wrapper.cfbundle; includeInIndex = 0; path = meetNewCountriesTests.xctest; sourceTree = BUILT_PRODUCTS_DIR; };
		9BAEBB5429EC0E2A00D2545A /* meetNewCountriesTests.swift */ = {isa = PBXFileReference; lastKnownFileType = sourcecode.swift; path = meetNewCountriesTests.swift; sourceTree = "<group>"; };
		9BAEBB5A29EC0E2A00D2545A /* meetNewCountriesUITests.xctest */ = {isa = PBXFileReference; explicitFileType = wrapper.cfbundle; includeInIndex = 0; path = meetNewCountriesUITests.xctest; sourceTree = BUILT_PRODUCTS_DIR; };
		9BAEBB5E29EC0E2A00D2545A /* meetNewCountriesUITests.swift */ = {isa = PBXFileReference; lastKnownFileType = sourcecode.swift; path = meetNewCountriesUITests.swift; sourceTree = "<group>"; };
		9BAEBB6029EC0E2A00D2545A /* meetNewCountriesUITestsLaunchTests.swift */ = {isa = PBXFileReference; lastKnownFileType = sourcecode.swift; path = meetNewCountriesUITestsLaunchTests.swift; sourceTree = "<group>"; };
		9BAEBB6D29EC0E6200D2545A /* newContinentView.swift */ = {isa = PBXFileReference; fileEncoding = 4; lastKnownFileType = sourcecode.swift; path = newContinentView.swift; sourceTree = "<group>"; };
		9BAEBB8529EC16B100D2545A /* Service.swift */ = {isa = PBXFileReference; lastKnownFileType = sourcecode.swift; path = Service.swift; sourceTree = "<group>"; };
		9BAEBB8B29EC175700D2545A /* countries.graphql */ = {isa = PBXFileReference; fileEncoding = 4; lastKnownFileType = text; path = countries.graphql; sourceTree = "<group>"; };
		9BAEBB8E29EC175700D2545A /* Query.graphql.swift */ = {isa = PBXFileReference; fileEncoding = 4; lastKnownFileType = sourcecode.swift; path = Query.graphql.swift; sourceTree = "<group>"; };
		9BAEBB8F29EC175700D2545A /* Continent.graphql.swift */ = {isa = PBXFileReference; fileEncoding = 4; lastKnownFileType = sourcecode.swift; path = Continent.graphql.swift; sourceTree = "<group>"; };
		9BAEBB9029EC175700D2545A /* SchemaConfiguration.swift */ = {isa = PBXFileReference; fileEncoding = 4; lastKnownFileType = sourcecode.swift; path = SchemaConfiguration.swift; sourceTree = "<group>"; };
		9BAEBB9129EC175700D2545A /* SchemaMetadata.graphql.swift */ = {isa = PBXFileReference; fileEncoding = 4; lastKnownFileType = sourcecode.swift; path = SchemaMetadata.graphql.swift; sourceTree = "<group>"; };
		9BAEBB9229EC175700D2545A /* Countries.graphql.swift */ = {isa = PBXFileReference; fileEncoding = 4; lastKnownFileType = sourcecode.swift; path = Countries.graphql.swift; sourceTree = "<group>"; };
		9BAEBB9C29EC1AC800D2545A /* GetContinentsQuery.graphql.swift */ = {isa = PBXFileReference; lastKnownFileType = sourcecode.swift; path = GetContinentsQuery.graphql.swift; sourceTree = "<group>"; };
		9BAEBB9E29EC1D6200D2545A /* CountryInfoView.swift */ = {isa = PBXFileReference; lastKnownFileType = sourcecode.swift; path = CountryInfoView.swift; sourceTree = "<group>"; };
/* End PBXFileReference section */

/* Begin PBXFrameworksBuildPhase section */
		9BAEBB3C29EC0E2800D2545A /* Frameworks */ = {
			isa = PBXFrameworksBuildPhase;
			buildActionMask = 2147483647;
			files = (
				9BAEBB7129EC0E9200D2545A /* Apollo in Frameworks */,
			);
			runOnlyForDeploymentPostprocessing = 0;
		};
		9BAEBB4D29EC0E2A00D2545A /* Frameworks */ = {
			isa = PBXFrameworksBuildPhase;
			buildActionMask = 2147483647;
			files = (
			);
			runOnlyForDeploymentPostprocessing = 0;
		};
		9BAEBB5729EC0E2A00D2545A /* Frameworks */ = {
			isa = PBXFrameworksBuildPhase;
			buildActionMask = 2147483647;
			files = (
			);
			runOnlyForDeploymentPostprocessing = 0;
		};
/* End PBXFrameworksBuildPhase section */

/* Begin PBXGroup section */
		9BAEBB3629EC0E2800D2545A = {
			isa = PBXGroup;
			children = (
				9BAEBB4129EC0E2800D2545A /* meetNewCountries */,
				9BAEBB5329EC0E2A00D2545A /* meetNewCountriesTests */,
				9BAEBB5D29EC0E2A00D2545A /* meetNewCountriesUITests */,
				9BAEBB4029EC0E2800D2545A /* Products */,
			);
			sourceTree = "<group>";
		};
		9BAEBB4029EC0E2800D2545A /* Products */ = {
			isa = PBXGroup;
			children = (
				9BAEBB3F29EC0E2800D2545A /* meetNewCountries.app */,
				9BAEBB5029EC0E2A00D2545A /* meetNewCountriesTests.xctest */,
				9BAEBB5A29EC0E2A00D2545A /* meetNewCountriesUITests.xctest */,
			);
			name = Products;
			sourceTree = "<group>";
		};
		9BAEBB4129EC0E2800D2545A /* meetNewCountries */ = {
			isa = PBXGroup;
			children = (
				9BAEBB8729EC175700D2545A /* countries */,
				9BAEBB6D29EC0E6200D2545A /* newContinentView.swift */,
				9BAEBB4229EC0E2800D2545A /* meetNewCountriesApp.swift */,
				9BAEBB9E29EC1D6200D2545A /* CountryInfoView.swift */,
				9BAEBB4429EC0E2800D2545A /* ContentView.swift */,
				9BAEBB4629EC0E2A00D2545A /* Assets.xcassets */,
				9BAEBB4829EC0E2A00D2545A /* meetNewCountries.entitlements */,
				9BAEBB4929EC0E2A00D2545A /* Preview Content */,
				9BAEBB8529EC16B100D2545A /* Service.swift */,
			);
			path = meetNewCountries;
			sourceTree = "<group>";
		};
		9BAEBB4929EC0E2A00D2545A /* Preview Content */ = {
			isa = PBXGroup;
			children = (
				9BAEBB4A29EC0E2A00D2545A /* Preview Assets.xcassets */,
			);
			path = "Preview Content";
			sourceTree = "<group>";
		};
		9BAEBB5329EC0E2A00D2545A /* meetNewCountriesTests */ = {
			isa = PBXGroup;
			children = (
				9BAEBB5429EC0E2A00D2545A /* meetNewCountriesTests.swift */,
			);
			path = meetNewCountriesTests;
			sourceTree = "<group>";
		};
		9BAEBB5D29EC0E2A00D2545A /* meetNewCountriesUITests */ = {
			isa = PBXGroup;
			children = (
				9BAEBB5E29EC0E2A00D2545A /* meetNewCountriesUITests.swift */,
				9BAEBB6029EC0E2A00D2545A /* meetNewCountriesUITestsLaunchTests.swift */,
			);
			path = meetNewCountriesUITests;
			sourceTree = "<group>";
		};
		9BAEBB8729EC175700D2545A /* countries */ = {
			isa = PBXGroup;
			children = (
				9BAEBB8829EC175700D2545A /* Operations */,
				9BAEBB8B29EC175700D2545A /* countries.graphql */,
				9BAEBB8C29EC175700D2545A /* Schema */,
				9BAEBB9229EC175700D2545A /* Countries.graphql.swift */,
			);
			path = countries;
			sourceTree = "<group>";
		};
		9BAEBB8829EC175700D2545A /* Operations */ = {
			isa = PBXGroup;
			children = (
				9BAEBB8929EC175700D2545A /* Queries */,
			);
			path = Operations;
			sourceTree = "<group>";
		};
		9BAEBB8929EC175700D2545A /* Queries */ = {
			isa = PBXGroup;
			children = (
				9BAEBB9C29EC1AC800D2545A /* GetContinentsQuery.graphql.swift */,
			);
			path = Queries;
			sourceTree = "<group>";
		};
		9BAEBB8C29EC175700D2545A /* Schema */ = {
			isa = PBXGroup;
			children = (
				9BAEBB8D29EC175700D2545A /* Objects */,
				9BAEBB9029EC175700D2545A /* SchemaConfiguration.swift */,
				9BAEBB9129EC175700D2545A /* SchemaMetadata.graphql.swift */,
			);
			path = Schema;
			sourceTree = "<group>";
		};
		9BAEBB8D29EC175700D2545A /* Objects */ = {
			isa = PBXGroup;
			children = (
				9BAEBB8E29EC175700D2545A /* Query.graphql.swift */,
				9BAEBB8F29EC175700D2545A /* Continent.graphql.swift */,
			);
			path = Objects;
			sourceTree = "<group>";
		};
/* End PBXGroup section */

/* Begin PBXNativeTarget section */
		9BAEBB3E29EC0E2800D2545A /* meetNewCountries */ = {
			isa = PBXNativeTarget;
			buildConfigurationList = 9BAEBB6429EC0E2A00D2545A /* Build configuration list for PBXNativeTarget "meetNewCountries" */;
			buildPhases = (
				9BAEBB3B29EC0E2800D2545A /* Sources */,
				9BAEBB3C29EC0E2800D2545A /* Frameworks */,
				9BAEBB3D29EC0E2800D2545A /* Resources */,
			);
			buildRules = (
			);
			dependencies = (
			);
			name = meetNewCountries;
			packageProductDependencies = (
				9BAEBB7029EC0E9200D2545A /* Apollo */,
			);
			productName = meetNewCountries;
			productReference = 9BAEBB3F29EC0E2800D2545A /* meetNewCountries.app */;
			productType = "com.apple.product-type.application";
		};
		9BAEBB4F29EC0E2A00D2545A /* meetNewCountriesTests */ = {
			isa = PBXNativeTarget;
			buildConfigurationList = 9BAEBB6729EC0E2A00D2545A /* Build configuration list for PBXNativeTarget "meetNewCountriesTests" */;
			buildPhases = (
				9BAEBB4C29EC0E2A00D2545A /* Sources */,
				9BAEBB4D29EC0E2A00D2545A /* Frameworks */,
				9BAEBB4E29EC0E2A00D2545A /* Resources */,
			);
			buildRules = (
			);
			dependencies = (
				9BAEBB5229EC0E2A00D2545A /* PBXTargetDependency */,
			);
			name = meetNewCountriesTests;
			productName = meetNewCountriesTests;
			productReference = 9BAEBB5029EC0E2A00D2545A /* meetNewCountriesTests.xctest */;
			productType = "com.apple.product-type.bundle.unit-test";
		};
		9BAEBB5929EC0E2A00D2545A /* meetNewCountriesUITests */ = {
			isa = PBXNativeTarget;
			buildConfigurationList = 9BAEBB6A29EC0E2A00D2545A /* Build configuration list for PBXNativeTarget "meetNewCountriesUITests" */;
			buildPhases = (
				9BAEBB5629EC0E2A00D2545A /* Sources */,
				9BAEBB5729EC0E2A00D2545A /* Frameworks */,
				9BAEBB5829EC0E2A00D2545A /* Resources */,
			);
			buildRules = (
			);
			dependencies = (
				9BAEBB5C29EC0E2A00D2545A /* PBXTargetDependency */,
			);
			name = meetNewCountriesUITests;
			productName = meetNewCountriesUITests;
			productReference = 9BAEBB5A29EC0E2A00D2545A /* meetNewCountriesUITests.xctest */;
			productType = "com.apple.product-type.bundle.ui-testing";
		};
/* End PBXNativeTarget section */

/* Begin PBXProject section */
		9BAEBB3729EC0E2800D2545A /* Project object */ = {
			isa = PBXProject;
			attributes = {
				BuildIndependentTargetsInParallel = 1;
				LastSwiftUpdateCheck = 1420;
				LastUpgradeCheck = 1420;
				TargetAttributes = {
					9BAEBB3E29EC0E2800D2545A = {
						CreatedOnToolsVersion = 14.2;
					};
					9BAEBB4F29EC0E2A00D2545A = {
						CreatedOnToolsVersion = 14.2;
						TestTargetID = 9BAEBB3E29EC0E2800D2545A;
					};
					9BAEBB5929EC0E2A00D2545A = {
						CreatedOnToolsVersion = 14.2;
						TestTargetID = 9BAEBB3E29EC0E2800D2545A;
					};
				};
			};
			buildConfigurationList = 9BAEBB3A29EC0E2800D2545A /* Build configuration list for PBXProject "meetNewCountries" */;
			compatibilityVersion = "Xcode 14.0";
			developmentRegion = en;
			hasScannedForEncodings = 0;
			knownRegions = (
				en,
				Base,
			);
			mainGroup = 9BAEBB3629EC0E2800D2545A;
			packageReferences = (
				9BAEBB6F29EC0E9200D2545A /* XCRemoteSwiftPackageReference "apollo-ios" */,
			);
			productRefGroup = 9BAEBB4029EC0E2800D2545A /* Products */;
			projectDirPath = "";
			projectRoot = "";
			targets = (
				9BAEBB3E29EC0E2800D2545A /* meetNewCountries */,
				9BAEBB4F29EC0E2A00D2545A /* meetNewCountriesTests */,
				9BAEBB5929EC0E2A00D2545A /* meetNewCountriesUITests */,
			);
		};
/* End PBXProject section */

/* Begin PBXResourcesBuildPhase section */
		9BAEBB3D29EC0E2800D2545A /* Resources */ = {
			isa = PBXResourcesBuildPhase;
			buildActionMask = 2147483647;
			files = (
				9BAEBB4B29EC0E2A00D2545A /* Preview Assets.xcassets in Resources */,
				9BAEBB9429EC175700D2545A /* countries.graphql in Resources */,
				9BAEBB4729EC0E2A00D2545A /* Assets.xcassets in Resources */,
			);
			runOnlyForDeploymentPostprocessing = 0;
		};
		9BAEBB4E29EC0E2A00D2545A /* Resources */ = {
			isa = PBXResourcesBuildPhase;
			buildActionMask = 2147483647;
			files = (
			);
			runOnlyForDeploymentPostprocessing = 0;
		};
		9BAEBB5829EC0E2A00D2545A /* Resources */ = {
			isa = PBXResourcesBuildPhase;
			buildActionMask = 2147483647;
			files = (
			);
			runOnlyForDeploymentPostprocessing = 0;
		};
/* End PBXResourcesBuildPhase section */

/* Begin PBXSourcesBuildPhase section */
		9BAEBB3B29EC0E2800D2545A /* Sources */ = {
			isa = PBXSourcesBuildPhase;
			buildActionMask = 2147483647;
			files = (
				9BAEBB9529EC175700D2545A /* Query.graphql.swift in Sources */,
				9BAEBB6E29EC0E6200D2545A /* newContinentView.swift in Sources */,
				9BAEBB9629EC175700D2545A /* Continent.graphql.swift in Sources */,
				9BAEBB8629EC16B100D2545A /* Service.swift in Sources */,
				9BAEBB9929EC175700D2545A /* Countries.graphql.swift in Sources */,
				9BAEBB9F29EC1D6200D2545A /* CountryInfoView.swift in Sources */,
				9BAEBB9729EC175700D2545A /* SchemaConfiguration.swift in Sources */,
				9BAEBB4529EC0E2800D2545A /* ContentView.swift in Sources */,
				9BAEBB9829EC175700D2545A /* SchemaMetadata.graphql.swift in Sources */,
				9BAEBB9D29EC1AC800D2545A /* GetContinentsQuery.graphql.swift in Sources */,
				9BAEBB4329EC0E2800D2545A /* meetNewCountriesApp.swift in Sources */,
			);
			runOnlyForDeploymentPostprocessing = 0;
		};
		9BAEBB4C29EC0E2A00D2545A /* Sources */ = {
			isa = PBXSourcesBuildPhase;
			buildActionMask = 2147483647;
			files = (
				9BAEBB5529EC0E2A00D2545A /* meetNewCountriesTests.swift in Sources */,
			);
			runOnlyForDeploymentPostprocessing = 0;
		};
		9BAEBB5629EC0E2A00D2545A /* Sources */ = {
			isa = PBXSourcesBuildPhase;
			buildActionMask = 2147483647;
			files = (
				9BAEBB5F29EC0E2A00D2545A /* meetNewCountriesUITests.swift in Sources */,
				9BAEBB6129EC0E2A00D2545A /* meetNewCountriesUITestsLaunchTests.swift in Sources */,
			);
			runOnlyForDeploymentPostprocessing = 0;
		};
/* End PBXSourcesBuildPhase section */

/* Begin PBXTargetDependency section */
		9BAEBB5229EC0E2A00D2545A /* PBXTargetDependency */ = {
			isa = PBXTargetDependency;
			target = 9BAEBB3E29EC0E2800D2545A /* meetNewCountries */;
			targetProxy = 9BAEBB5129EC0E2A00D2545A /* PBXContainerItemProxy */;
		};
		9BAEBB5C29EC0E2A00D2545A /* PBXTargetDependency */ = {
			isa = PBXTargetDependency;
			target = 9BAEBB3E29EC0E2800D2545A /* meetNewCountries */;
			targetProxy = 9BAEBB5B29EC0E2A00D2545A /* PBXContainerItemProxy */;
		};
/* End PBXTargetDependency section */

/* Begin XCBuildConfiguration section */
		9BAEBB6229EC0E2A00D2545A /* Debug */ = {
			isa = XCBuildConfiguration;
			buildSettings = {
				ALWAYS_SEARCH_USER_PATHS = NO;
				CLANG_ANALYZER_NONNULL = YES;
				CLANG_ANALYZER_NUMBER_OBJECT_CONVERSION = YES_AGGRESSIVE;
				CLANG_CXX_LANGUAGE_STANDARD = "gnu++20";
				CLANG_ENABLE_MODULES = YES;
				CLANG_ENABLE_OBJC_ARC = YES;
				CLANG_ENABLE_OBJC_WEAK = YES;
				CLANG_WARN_BLOCK_CAPTURE_AUTORELEASING = YES;
				CLANG_WARN_BOOL_CONVERSION = YES;
				CLANG_WARN_COMMA = YES;
				CLANG_WARN_CONSTANT_CONVERSION = YES;
				CLANG_WARN_DEPRECATED_OBJC_IMPLEMENTATIONS = YES;
				CLANG_WARN_DIRECT_OBJC_ISA_USAGE = YES_ERROR;
				CLANG_WARN_DOCUMENTATION_COMMENTS = YES;
				CLANG_WARN_EMPTY_BODY = YES;
				CLANG_WARN_ENUM_CONVERSION = YES;
				CLANG_WARN_INFINITE_RECURSION = YES;
				CLANG_WARN_INT_CONVERSION = YES;
				CLANG_WARN_NON_LITERAL_NULL_CONVERSION = YES;
				CLANG_WARN_OBJC_IMPLICIT_RETAIN_SELF = YES;
				CLANG_WARN_OBJC_LITERAL_CONVERSION = YES;
				CLANG_WARN_OBJC_ROOT_CLASS = YES_ERROR;
				CLANG_WARN_QUOTED_INCLUDE_IN_FRAMEWORK_HEADER = YES;
				CLANG_WARN_RANGE_LOOP_ANALYSIS = YES;
				CLANG_WARN_STRICT_PROTOTYPES = YES;
				CLANG_WARN_SUSPICIOUS_MOVE = YES;
				CLANG_WARN_UNGUARDED_AVAILABILITY = YES_AGGRESSIVE;
				CLANG_WARN_UNREACHABLE_CODE = YES;
				CLANG_WARN__DUPLICATE_METHOD_MATCH = YES;
				COPY_PHASE_STRIP = NO;
				DEBUG_INFORMATION_FORMAT = dwarf;
				ENABLE_STRICT_OBJC_MSGSEND = YES;
				ENABLE_TESTABILITY = YES;
				GCC_C_LANGUAGE_STANDARD = gnu11;
				GCC_DYNAMIC_NO_PIC = NO;
				GCC_NO_COMMON_BLOCKS = YES;
				GCC_OPTIMIZATION_LEVEL = 0;
				GCC_PREPROCESSOR_DEFINITIONS = (
					"DEBUG=1",
					"$(inherited)",
				);
				GCC_WARN_64_TO_32_BIT_CONVERSION = YES;
				GCC_WARN_ABOUT_RETURN_TYPE = YES_ERROR;
				GCC_WARN_UNDECLARED_SELECTOR = YES;
				GCC_WARN_UNINITIALIZED_AUTOS = YES_AGGRESSIVE;
				GCC_WARN_UNUSED_FUNCTION = YES;
				GCC_WARN_UNUSED_VARIABLE = YES;
				MTL_ENABLE_DEBUG_INFO = INCLUDE_SOURCE;
				MTL_FAST_MATH = YES;
				ONLY_ACTIVE_ARCH = YES;
				SWIFT_ACTIVE_COMPILATION_CONDITIONS = DEBUG;
				SWIFT_OPTIMIZATION_LEVEL = "-Onone";
			};
			name = Debug;
		};
		9BAEBB6329EC0E2A00D2545A /* Release */ = {
			isa = XCBuildConfiguration;
			buildSettings = {
				ALWAYS_SEARCH_USER_PATHS = NO;
				CLANG_ANALYZER_NONNULL = YES;
				CLANG_ANALYZER_NUMBER_OBJECT_CONVERSION = YES_AGGRESSIVE;
				CLANG_CXX_LANGUAGE_STANDARD = "gnu++20";
				CLANG_ENABLE_MODULES = YES;
				CLANG_ENABLE_OBJC_ARC = YES;
				CLANG_ENABLE_OBJC_WEAK = YES;
				CLANG_WARN_BLOCK_CAPTURE_AUTORELEASING = YES;
				CLANG_WARN_BOOL_CONVERSION = YES;
				CLANG_WARN_COMMA = YES;
				CLANG_WARN_CONSTANT_CONVERSION = YES;
				CLANG_WARN_DEPRECATED_OBJC_IMPLEMENTATIONS = YES;
				CLANG_WARN_DIRECT_OBJC_ISA_USAGE = YES_ERROR;
				CLANG_WARN_DOCUMENTATION_COMMENTS = YES;
				CLANG_WARN_EMPTY_BODY = YES;
				CLANG_WARN_ENUM_CONVERSION = YES;
				CLANG_WARN_INFINITE_RECURSION = YES;
				CLANG_WARN_INT_CONVERSION = YES;
				CLANG_WARN_NON_LITERAL_NULL_CONVERSION = YES;
				CLANG_WARN_OBJC_IMPLICIT_RETAIN_SELF = YES;
				CLANG_WARN_OBJC_LITERAL_CONVERSION = YES;
				CLANG_WARN_OBJC_ROOT_CLASS = YES_ERROR;
				CLANG_WARN_QUOTED_INCLUDE_IN_FRAMEWORK_HEADER = YES;
				CLANG_WARN_RANGE_LOOP_ANALYSIS = YES;
				CLANG_WARN_STRICT_PROTOTYPES = YES;
				CLANG_WARN_SUSPICIOUS_MOVE = YES;
				CLANG_WARN_UNGUARDED_AVAILABILITY = YES_AGGRESSIVE;
				CLANG_WARN_UNREACHABLE_CODE = YES;
				CLANG_WARN__DUPLICATE_METHOD_MATCH = YES;
				COPY_PHASE_STRIP = NO;
				DEBUG_INFORMATION_FORMAT = "dwarf-with-dsym";
				ENABLE_NS_ASSERTIONS = NO;
				ENABLE_STRICT_OBJC_MSGSEND = YES;
				GCC_C_LANGUAGE_STANDARD = gnu11;
				GCC_NO_COMMON_BLOCKS = YES;
				GCC_WARN_64_TO_32_BIT_CONVERSION = YES;
				GCC_WARN_ABOUT_RETURN_TYPE = YES_ERROR;
				GCC_WARN_UNDECLARED_SELECTOR = YES;
				GCC_WARN_UNINITIALIZED_AUTOS = YES_AGGRESSIVE;
				GCC_WARN_UNUSED_FUNCTION = YES;
				GCC_WARN_UNUSED_VARIABLE = YES;
				MTL_ENABLE_DEBUG_INFO = NO;
				MTL_FAST_MATH = YES;
				SWIFT_COMPILATION_MODE = wholemodule;
				SWIFT_OPTIMIZATION_LEVEL = "-O";
			};
			name = Release;
		};
		9BAEBB6529EC0E2A00D2545A /* Debug */ = {
			isa = XCBuildConfiguration;
			buildSettings = {
				ASSETCATALOG_COMPILER_APPICON_NAME = AppIcon;
				ASSETCATALOG_COMPILER_GLOBAL_ACCENT_COLOR_NAME = AccentColor;
				CODE_SIGN_ENTITLEMENTS = meetNewCountries/meetNewCountries.entitlements;
				CODE_SIGN_STYLE = Automatic;
				CURRENT_PROJECT_VERSION = 1;
				DEVELOPMENT_ASSET_PATHS = "\"meetNewCountries/Preview Content\"";
				DEVELOPMENT_TEAM = HY8YCU6K84;
				ENABLE_HARDENED_RUNTIME = YES;
				ENABLE_PREVIEWS = YES;
				GENERATE_INFOPLIST_FILE = YES;
				"INFOPLIST_KEY_UIApplicationSceneManifest_Generation[sdk=iphoneos*]" = YES;
				"INFOPLIST_KEY_UIApplicationSceneManifest_Generation[sdk=iphonesimulator*]" = YES;
				"INFOPLIST_KEY_UIApplicationSupportsIndirectInputEvents[sdk=iphoneos*]" = YES;
				"INFOPLIST_KEY_UIApplicationSupportsIndirectInputEvents[sdk=iphonesimulator*]" = YES;
				"INFOPLIST_KEY_UILaunchScreen_Generation[sdk=iphoneos*]" = YES;
				"INFOPLIST_KEY_UILaunchScreen_Generation[sdk=iphonesimulator*]" = YES;
				"INFOPLIST_KEY_UIStatusBarStyle[sdk=iphoneos*]" = UIStatusBarStyleDefault;
				"INFOPLIST_KEY_UIStatusBarStyle[sdk=iphonesimulator*]" = UIStatusBarStyleDefault;
				INFOPLIST_KEY_UISupportedInterfaceOrientations_iPad = "UIInterfaceOrientationPortrait UIInterfaceOrientationPortraitUpsideDown UIInterfaceOrientationLandscapeLeft UIInterfaceOrientationLandscapeRight";
				INFOPLIST_KEY_UISupportedInterfaceOrientations_iPhone = "UIInterfaceOrientationPortrait UIInterfaceOrientationLandscapeLeft UIInterfaceOrientationLandscapeRight";
				IPHONEOS_DEPLOYMENT_TARGET = 16.2;
				LD_RUNPATH_SEARCH_PATHS = "@executable_path/Frameworks";
				"LD_RUNPATH_SEARCH_PATHS[sdk=macosx*]" = "@executable_path/../Frameworks";
				MACOSX_DEPLOYMENT_TARGET = 13.1;
				MARKETING_VERSION = 1.0;
				PRODUCT_BUNDLE_IDENTIFIER = kTegowski.meetNewCountries;
				PRODUCT_NAME = "$(TARGET_NAME)";
				SDKROOT = auto;
				SUPPORTED_PLATFORMS = "iphoneos iphonesimulator macosx";
				SWIFT_EMIT_LOC_STRINGS = YES;
				SWIFT_VERSION = 5.0;
				TARGETED_DEVICE_FAMILY = "1,2";
			};
			name = Debug;
		};
		9BAEBB6629EC0E2A00D2545A /* Release */ = {
			isa = XCBuildConfiguration;
			buildSettings = {
				ASSETCATALOG_COMPILER_APPICON_NAME = AppIcon;
				ASSETCATALOG_COMPILER_GLOBAL_ACCENT_COLOR_NAME = AccentColor;
				CODE_SIGN_ENTITLEMENTS = meetNewCountries/meetNewCountries.entitlements;
				CODE_SIGN_STYLE = Automatic;
				CURRENT_PROJECT_VERSION = 1;
				DEVELOPMENT_ASSET_PATHS = "\"meetNewCountries/Preview Content\"";
				DEVELOPMENT_TEAM = HY8YCU6K84;
				ENABLE_HARDENED_RUNTIME = YES;
				ENABLE_PREVIEWS = YES;
				GENERATE_INFOPLIST_FILE = YES;
				"INFOPLIST_KEY_UIApplicationSceneManifest_Generation[sdk=iphoneos*]" = YES;
				"INFOPLIST_KEY_UIApplicationSceneManifest_Generation[sdk=iphonesimulator*]" = YES;
				"INFOPLIST_KEY_UIApplicationSupportsIndirectInputEvents[sdk=iphoneos*]" = YES;
				"INFOPLIST_KEY_UIApplicationSupportsIndirectInputEvents[sdk=iphonesimulator*]" = YES;
				"INFOPLIST_KEY_UILaunchScreen_Generation[sdk=iphoneos*]" = YES;
				"INFOPLIST_KEY_UILaunchScreen_Generation[sdk=iphonesimulator*]" = YES;
				"INFOPLIST_KEY_UIStatusBarStyle[sdk=iphoneos*]" = UIStatusBarStyleDefault;
				"INFOPLIST_KEY_UIStatusBarStyle[sdk=iphonesimulator*]" = UIStatusBarStyleDefault;
				INFOPLIST_KEY_UISupportedInterfaceOrientations_iPad = "UIInterfaceOrientationPortrait UIInterfaceOrientationPortraitUpsideDown UIInterfaceOrientationLandscapeLeft UIInterfaceOrientationLandscapeRight";
				INFOPLIST_KEY_UISupportedInterfaceOrientations_iPhone = "UIInterfaceOrientationPortrait UIInterfaceOrientationLandscapeLeft UIInterfaceOrientationLandscapeRight";
				IPHONEOS_DEPLOYMENT_TARGET = 16.2;
				LD_RUNPATH_SEARCH_PATHS = "@executable_path/Frameworks";
				"LD_RUNPATH_SEARCH_PATHS[sdk=macosx*]" = "@executable_path/../Frameworks";
				MACOSX_DEPLOYMENT_TARGET = 13.1;
				MARKETING_VERSION = 1.0;
				PRODUCT_BUNDLE_IDENTIFIER = kTegowski.meetNewCountries;
				PRODUCT_NAME = "$(TARGET_NAME)";
				SDKROOT = auto;
				SUPPORTED_PLATFORMS = "iphoneos iphonesimulator macosx";
				SWIFT_EMIT_LOC_STRINGS = YES;
				SWIFT_VERSION = 5.0;
				TARGETED_DEVICE_FAMILY = "1,2";
			};
			name = Release;
		};
		9BAEBB6829EC0E2A00D2545A /* Debug */ = {
			isa = XCBuildConfiguration;
			buildSettings = {
				ALWAYS_EMBED_SWIFT_STANDARD_LIBRARIES = YES;
				BUNDLE_LOADER = "$(TEST_HOST)";
				CODE_SIGN_STYLE = Automatic;
				CURRENT_PROJECT_VERSION = 1;
				DEVELOPMENT_TEAM = HY8YCU6K84;
				GENERATE_INFOPLIST_FILE = YES;
				IPHONEOS_DEPLOYMENT_TARGET = 16.2;
				MACOSX_DEPLOYMENT_TARGET = 13.1;
				MARKETING_VERSION = 1.0;
				PRODUCT_BUNDLE_IDENTIFIER = kTegowski.meetNewCountriesTests;
				PRODUCT_NAME = "$(TARGET_NAME)";
				SDKROOT = auto;
				SUPPORTED_PLATFORMS = "iphoneos iphonesimulator macosx";
				SWIFT_EMIT_LOC_STRINGS = NO;
				SWIFT_VERSION = 5.0;
				TARGETED_DEVICE_FAMILY = "1,2";
				TEST_HOST = "$(BUILT_PRODUCTS_DIR)/meetNewCountries.app/$(BUNDLE_EXECUTABLE_FOLDER_PATH)/meetNewCountries";
			};
			name = Debug;
		};
		9BAEBB6929EC0E2A00D2545A /* Release */ = {
			isa = XCBuildConfiguration;
			buildSettings = {
				ALWAYS_EMBED_SWIFT_STANDARD_LIBRARIES = YES;
				BUNDLE_LOADER = "$(TEST_HOST)";
				CODE_SIGN_STYLE = Automatic;
				CURRENT_PROJECT_VERSION = 1;
				DEVELOPMENT_TEAM = HY8YCU6K84;
				GENERATE_INFOPLIST_FILE = YES;
				IPHONEOS_DEPLOYMENT_TARGET = 16.2;
				MACOSX_DEPLOYMENT_TARGET = 13.1;
				MARKETING_VERSION = 1.0;
				PRODUCT_BUNDLE_IDENTIFIER = kTegowski.meetNewCountriesTests;
				PRODUCT_NAME = "$(TARGET_NAME)";
				SDKROOT = auto;
				SUPPORTED_PLATFORMS = "iphoneos iphonesimulator macosx";
				SWIFT_EMIT_LOC_STRINGS = NO;
				SWIFT_VERSION = 5.0;
				TARGETED_DEVICE_FAMILY = "1,2";
				TEST_HOST = "$(BUILT_PRODUCTS_DIR)/meetNewCountries.app/$(BUNDLE_EXECUTABLE_FOLDER_PATH)/meetNewCountries";
			};
			name = Release;
		};
		9BAEBB6B29EC0E2A00D2545A /* Debug */ = {
			isa = XCBuildConfiguration;
			buildSettings = {
				ALWAYS_EMBED_SWIFT_STANDARD_LIBRARIES = YES;
				CODE_SIGN_STYLE = Automatic;
				CURRENT_PROJECT_VERSION = 1;
				DEVELOPMENT_TEAM = HY8YCU6K84;
				GENERATE_INFOPLIST_FILE = YES;
				IPHONEOS_DEPLOYMENT_TARGET = 16.2;
				MACOSX_DEPLOYMENT_TARGET = 13.1;
				MARKETING_VERSION = 1.0;
				PRODUCT_BUNDLE_IDENTIFIER = kTegowski.meetNewCountriesUITests;
				PRODUCT_NAME = "$(TARGET_NAME)";
				SDKROOT = auto;
				SUPPORTED_PLATFORMS = "iphoneos iphonesimulator macosx";
				SWIFT_EMIT_LOC_STRINGS = NO;
				SWIFT_VERSION = 5.0;
				TARGETED_DEVICE_FAMILY = "1,2";
				TEST_TARGET_NAME = meetNewCountries;
			};
			name = Debug;
		};
		9BAEBB6C29EC0E2A00D2545A /* Release */ = {
			isa = XCBuildConfiguration;
			buildSettings = {
				ALWAYS_EMBED_SWIFT_STANDARD_LIBRARIES = YES;
				CODE_SIGN_STYLE = Automatic;
				CURRENT_PROJECT_VERSION = 1;
				DEVELOPMENT_TEAM = HY8YCU6K84;
				GENERATE_INFOPLIST_FILE = YES;
				IPHONEOS_DEPLOYMENT_TARGET = 16.2;
				MACOSX_DEPLOYMENT_TARGET = 13.1;
				MARKETING_VERSION = 1.0;
				PRODUCT_BUNDLE_IDENTIFIER = kTegowski.meetNewCountriesUITests;
				PRODUCT_NAME = "$(TARGET_NAME)";
				SDKROOT = auto;
				SUPPORTED_PLATFORMS = "iphoneos iphonesimulator macosx";
				SWIFT_EMIT_LOC_STRINGS = NO;
				SWIFT_VERSION = 5.0;
				TARGETED_DEVICE_FAMILY = "1,2";
				TEST_TARGET_NAME = meetNewCountries;
			};
			name = Release;
		};
/* End XCBuildConfiguration section */

/* Begin XCConfigurationList section */
		9BAEBB3A29EC0E2800D2545A /* Build configuration list for PBXProject "meetNewCountries" */ = {
			isa = XCConfigurationList;
			buildConfigurations = (
				9BAEBB6229EC0E2A00D2545A /* Debug */,
				9BAEBB6329EC0E2A00D2545A /* Release */,
			);
			defaultConfigurationIsVisible = 0;
			defaultConfigurationName = Release;
		};
		9BAEBB6429EC0E2A00D2545A /* Build configuration list for PBXNativeTarget "meetNewCountries" */ = {
			isa = XCConfigurationList;
			buildConfigurations = (
				9BAEBB6529EC0E2A00D2545A /* Debug */,
				9BAEBB6629EC0E2A00D2545A /* Release */,
			);
			defaultConfigurationIsVisible = 0;
			defaultConfigurationName = Release;
		};
		9BAEBB6729EC0E2A00D2545A /* Build configuration list for PBXNativeTarget "meetNewCountriesTests" */ = {
			isa = XCConfigurationList;
			buildConfigurations = (
				9BAEBB6829EC0E2A00D2545A /* Debug */,
				9BAEBB6929EC0E2A00D2545A /* Release */,
			);
			defaultConfigurationIsVisible = 0;
			defaultConfigurationName = Release;
		};
		9BAEBB6A29EC0E2A00D2545A /* Build configuration list for PBXNativeTarget "meetNewCountriesUITests" */ = {
			isa = XCConfigurationList;
			buildConfigurations = (
				9BAEBB6B29EC0E2A00D2545A /* Debug */,
				9BAEBB6C29EC0E2A00D2545A /* Release */,
			);
			defaultConfigurationIsVisible = 0;
			defaultConfigurationName = Release;
		};
/* End XCConfigurationList section */

/* Begin XCRemoteSwiftPackageReference section */
		9BAEBB6F29EC0E9200D2545A /* XCRemoteSwiftPackageReference "apollo-ios" */ = {
			isa = XCRemoteSwiftPackageReference;
			repositoryURL = "https://github.com/apollographql/apollo-ios.git";
			requirement = {
				kind = upToNextMajorVersion;
				minimumVersion = 1.0.0;
			};
		};
/* End XCRemoteSwiftPackageReference section */

/* Begin XCSwiftPackageProductDependency section */
		9BAEBB7029EC0E9200D2545A /* Apollo */ = {
			isa = XCSwiftPackageProductDependency;
			package = 9BAEBB6F29EC0E9200D2545A /* XCRemoteSwiftPackageReference "apollo-ios" */;
			productName = Apollo;
		};
/* End XCSwiftPackageProductDependency section */
	};
	rootObject = 9BAEBB3729EC0E2800D2545A /* Project object */;
}
